
Microsoft Visual Studio Solution File, Format Version 12.00
# Visual Studio Version 17
VisualStudioVersion = 17.10.35013.160
MinimumVisualStudioVersion = 10.0.40219.1
Project("{FAE04EC0-301F-11D3-BF4B-00C04F79EFBC}") = "College", "College.csproj", "{6A899637-D3AD-4449-9C10-3B45473D0206}"
EndProject
Global
	GlobalSection(SolutionConfigurationPlatforms) = preSolution
		Debug|Any CPU = Debug|Any CPU
		Release|Any CPU = Release|Any CPU
	EndGlobalSection
	GlobalSection(ProjectConfigurationPlatforms) = postSolution
		{6A899637-D3AD-4449-9C10-3B45473D0206}.Debug|Any CPU.ActiveCfg = Debug|Any CPU
		{6A899637-D3AD-4449-9C10-3B45473D0206}.Debug|Any CPU.Build.0 = Debug|Any CPU
		{6A899637-D3AD-4449-9C10-3B45473D0206}.Release|Any CPU.ActiveCfg = Release|Any CPU
		{6A899637-D3AD-4449-9C10-3B45473D0206}.Release|Any CPU.Build.0 = Release|Any CPU
	EndGlobalSection
	GlobalSection(SolutionProperties) = preSolution
		HideSolutionNode = FALSE
	EndGlobalSection
	GlobalSection(ExtensibilityGlobals) = postSolution
		SolutionGuid = {253128AE-B428-4D5F-9F19-302351E6941D}
	EndGlobalSection
EndGlobal
